
Microsoft Visual Studio Solution File, Format Version 12.00
# Visual Studio Version 16
VisualStudioVersion = 16.0.31613.86
MinimumVisualStudioVersion = 10.0.40219.1
Project("{FAE04EC0-301F-11D3-BF4B-00C04F79EFBC}") = "_04_Switch", "_04_Switch\_04_Switch.csproj", "{45168B59-24EB-4F6E-AE34-B3E9EB8A3711}"
EndProject
Global
	GlobalSection(SolutionConfigurationPlatforms) = preSolution
		Debug|Any CPU = Debug|Any CPU
		Release|Any CPU = Release|Any CPU
	EndGlobalSection
	GlobalSection(ProjectConfigurationPlatforms) = postSolution
		{45168B59-24EB-4F6E-AE34-B3E9EB8A3711}.Debug|Any CPU.ActiveCfg = Debug|Any CPU
		{45168B59-24EB-4F6E-AE34-B3E9EB8A3711}.Debug|Any CPU.Build.0 = Debug|Any CPU
		{45168B59-24EB-4F6E-AE34-B3E9EB8A3711}.Release|Any CPU.ActiveCfg = Release|Any CPU
		{45168B59-24EB-4F6E-AE34-B3E9EB8A3711}.Release|Any CPU.Build.0 = Release|Any CPU
	EndGlobalSection
	GlobalSection(SolutionProperties) = preSolution
		HideSolutionNode = FALSE
	EndGlobalSection
	GlobalSection(ExtensibilityGlobals) = postSolution
		SolutionGuid = {E43DF104-D6AB-4082-BD59-BE3528905260}
	EndGlobalSection
EndGlobal
