
Microsoft Visual Studio Solution File, Format Version 12.00
# Visual Studio Version 16
VisualStudioVersion = 16.0.31613.86
MinimumVisualStudioVersion = 10.0.40219.1
Project("{FAE04EC0-301F-11D3-BF4B-00C04F79EFBC}") = "Bank", "Bank\Bank.csproj", "{C5671DE1-DDF9-4381-A88C-EC5FAB989D81}"
EndProject
Project("{FAE04EC0-301F-11D3-BF4B-00C04F79EFBC}") = "BankTests", "BankTests\BankTests.csproj", "{4BB773BE-4C6E-4086-A35E-7BFBE5FDA794}"
EndProject
Global
	GlobalSection(SolutionConfigurationPlatforms) = preSolution
		Debug|Any CPU = Debug|Any CPU
		Release|Any CPU = Release|Any CPU
	EndGlobalSection
	GlobalSection(ProjectConfigurationPlatforms) = postSolution
		{C5671DE1-DDF9-4381-A88C-EC5FAB989D81}.Debug|Any CPU.ActiveCfg = Debug|Any CPU
		{C5671DE1-DDF9-4381-A88C-EC5FAB989D81}.Debug|Any CPU.Build.0 = Debug|Any CPU
		{C5671DE1-DDF9-4381-A88C-EC5FAB989D81}.Release|Any CPU.ActiveCfg = Release|Any CPU
		{C5671DE1-DDF9-4381-A88C-EC5FAB989D81}.Release|Any CPU.Build.0 = Release|Any CPU
		{4BB773BE-4C6E-4086-A35E-7BFBE5FDA794}.Debug|Any CPU.ActiveCfg = Debug|Any CPU
		{4BB773BE-4C6E-4086-A35E-7BFBE5FDA794}.Debug|Any CPU.Build.0 = Debug|Any CPU
		{4BB773BE-4C6E-4086-A35E-7BFBE5FDA794}.Release|Any CPU.ActiveCfg = Release|Any CPU
		{4BB773BE-4C6E-4086-A35E-7BFBE5FDA794}.Release|Any CPU.Build.0 = Release|Any CPU
	EndGlobalSection
	GlobalSection(SolutionProperties) = preSolution
		HideSolutionNode = FALSE
	EndGlobalSection
	GlobalSection(ExtensibilityGlobals) = postSolution
		SolutionGuid = {8947590A-A119-400D-9B7B-EB24089D2D00}
	EndGlobalSection
EndGlobal
