
Microsoft Visual Studio Solution File, Format Version 12.00
# Visual Studio Version 16
VisualStudioVersion = 16.0.31702.278
MinimumVisualStudioVersion = 10.0.40219.1
Project("{FAE04EC0-301F-11D3-BF4B-00C04F79EFBC}") = "_13_Picture", "_13_Picture\_13_Picture.csproj", "{8C1764B4-2FAE-4F95-93DB-6E087912FD68}"
EndProject
Global
	GlobalSection(SolutionConfigurationPlatforms) = preSolution
		Debug|Any CPU = Debug|Any CPU
		Release|Any CPU = Release|Any CPU
	EndGlobalSection
	GlobalSection(ProjectConfigurationPlatforms) = postSolution
		{8C1764B4-2FAE-4F95-93DB-6E087912FD68}.Debug|Any CPU.ActiveCfg = Debug|Any CPU
		{8C1764B4-2FAE-4F95-93DB-6E087912FD68}.Debug|Any CPU.Build.0 = Debug|Any CPU
		{8C1764B4-2FAE-4F95-93DB-6E087912FD68}.Release|Any CPU.ActiveCfg = Release|Any CPU
		{8C1764B4-2FAE-4F95-93DB-6E087912FD68}.Release|Any CPU.Build.0 = Release|Any CPU
	EndGlobalSection
	GlobalSection(SolutionProperties) = preSolution
		HideSolutionNode = FALSE
	EndGlobalSection
	GlobalSection(ExtensibilityGlobals) = postSolution
		SolutionGuid = {5F38C0A4-B01D-4341-9B73-55F2A447CDE0}
	EndGlobalSection
EndGlobal
